[root]
name = "pikemon_client"
version = "0.0.0"
dependencies = [
 "clock_ticks 0.0.2 (registry+https://github.com/rust-lang/crates.io-index)",
 "common 0.0.0",
 "gb_emu 0.0.1 (git+https://github.com/quvarxa/gb_emu.git)",
 "rustc-serialize 0.2.8 (registry+https://github.com/rust-lang/crates.io-index)",
 "sdl2 0.0.18 (git+https://github.com/AngryLawyer/rust-sdl2)",
]

[[package]]
name = "bitflags"
version = "0.1.0"
source = "registry+https://github.com/rust-lang/crates.io-index"

[[package]]
name = "clock_ticks"
version = "0.0.2"
source = "registry+https://github.com/rust-lang/crates.io-index"

[[package]]
name = "common"
version = "0.0.0"
dependencies = [
 "rustc-serialize 0.2.8 (registry+https://github.com/rust-lang/crates.io-index)",
]

[[package]]
name = "gb_emu"
version = "0.0.1"
source = "git+https://github.com/quvarxa/gb_emu.git#769ea4bbe75fbd33ebd986a8a30dffa5ace953f6"

[[package]]
name = "pkg-config"
version = "0.1.5"
source = "registry+https://github.com/rust-lang/crates.io-index"

[[package]]
name = "rustc-serialize"
version = "0.2.8"
source = "registry+https://github.com/rust-lang/crates.io-index"

[[package]]
name = "sdl2"
version = "0.0.18"
source = "git+https://github.com/AngryLawyer/rust-sdl2#b60f6ce493bc48a4284508e53bab07dc205bd09d"
dependencies = [
 "bitflags 0.1.0 (registry+https://github.com/rust-lang/crates.io-index)",
 "sdl2-sys 0.0.16 (git+https://github.com/AngryLawyer/rust-sdl2)",
]

[[package]]
name = "sdl2-sys"
version = "0.0.16"
source = "git+https://github.com/AngryLawyer/rust-sdl2#b60f6ce493bc48a4284508e53bab07dc205bd09d"
dependencies = [
 "pkg-config 0.1.5 (registry+https://github.com/rust-lang/crates.io-index)",
]

