[root]
name = "pikemon_client"
version = "0.0.0"
dependencies = [
 "clock_ticks 0.0.1 (registry+https://github.com/rust-lang/crates.io-index)",
 "common 0.0.0",
 "gb_emu 0.0.1 (git+https://github.com/quvarxa/gb_emu.git)",
 "rustc-serialize 0.2.8 (registry+https://github.com/rust-lang/crates.io-index)",
 "sdl2 0.0.17 (git+https://github.com/AngryLawyer/rust-sdl2)",
]

[[package]]
name = "clock_ticks"
version = "0.0.1"
source = "registry+https://github.com/rust-lang/crates.io-index"

[[package]]
name = "common"
version = "0.0.0"
dependencies = [
 "rustc-serialize 0.2.8 (registry+https://github.com/rust-lang/crates.io-index)",
]

[[package]]
name = "gb_emu"
version = "0.0.1"
source = "git+https://github.com/quvarxa/gb_emu.git#87675d51ef2c52178e98c8cafbc87edc4219eb9f"

[[package]]
name = "pkg-config"
version = "0.1.4"
source = "registry+https://github.com/rust-lang/crates.io-index"

[[package]]
name = "rustc-serialize"
version = "0.2.8"
source = "registry+https://github.com/rust-lang/crates.io-index"

[[package]]
name = "sdl2"
version = "0.0.17"
source = "git+https://github.com/AngryLawyer/rust-sdl2#32b5df94f0e29805b7087d7b49ef9699e85d5640"
dependencies = [
 "sdl2-sys 0.0.16 (git+https://github.com/AngryLawyer/rust-sdl2)",
]

[[package]]
name = "sdl2-sys"
version = "0.0.16"
source = "git+https://github.com/AngryLawyer/rust-sdl2#32b5df94f0e29805b7087d7b49ef9699e85d5640"
dependencies = [
 "pkg-config 0.1.4 (registry+https://github.com/rust-lang/crates.io-index)",
]

