[root]
name = "pikemon_server"
version = "0.0.0"
dependencies = [
 "interface 0.0.0",
 "network_common 0.0.0",
 "rustc-serialize 0.3.6 (registry+https://github.com/rust-lang/crates.io-index)",
]

[[package]]
name = "gb_emu"
version = "0.0.1"
source = "git+https://github.com/quvarxa/gb_emu.git#0be7e500f1f33997866063014399957a9f20df83"

[[package]]
name = "interface"
version = "0.0.0"
dependencies = [
 "gb_emu 0.0.1 (git+https://github.com/quvarxa/gb_emu.git)",
 "rustc-serialize 0.3.6 (registry+https://github.com/rust-lang/crates.io-index)",
]

[[package]]
name = "network_common"
version = "0.0.0"
dependencies = [
 "interface 0.0.0",
 "rustc-serialize 0.3.6 (registry+https://github.com/rust-lang/crates.io-index)",
]

[[package]]
name = "rustc-serialize"
version = "0.3.6"
source = "registry+https://github.com/rust-lang/crates.io-index"

